
Microsoft Visual Studio Solution File, Format Version 11.00
# Visual Studio 2010
Project("{FAE04EC0-301F-11D3-BF4B-00C04F79EFBC}") = "Home_Four", "Home_Four\Home_Four.csproj", "{6188006A-E2E0-406D-B914-425E5133ACA4}"
EndProject
Global
	GlobalSection(SolutionConfigurationPlatforms) = preSolution
		Debug|x86 = Debug|x86
		Release|x86 = Release|x86
	EndGlobalSection
	GlobalSection(ProjectConfigurationPlatforms) = postSolution
		{6188006A-E2E0-406D-B914-425E5133ACA4}.Debug|x86.ActiveCfg = Debug|x86
		{6188006A-E2E0-406D-B914-425E5133ACA4}.Debug|x86.Build.0 = Debug|x86
		{6188006A-E2E0-406D-B914-425E5133ACA4}.Release|x86.ActiveCfg = Release|x86
		{6188006A-E2E0-406D-B914-425E5133ACA4}.Release|x86.Build.0 = Release|x86
	EndGlobalSection
	GlobalSection(SolutionProperties) = preSolution
		HideSolutionNode = FALSE
	EndGlobalSection
EndGlobal
